
Microsoft Visual Studio Solution File, Format Version 12.00
# Visual Studio Version 17
VisualStudioVersion = 17.0.31903.59
MinimumVisualStudioVersion = 10.0.40219.1
Project("{FAE04EC0-301F-11D3-BF4B-00C04F79EFBC}") = "JIssWeb.Common", "JIssWeb.Common\JIssWeb.Common.csproj", "{E8C0D178-DF52-492C-8334-4B09DACACFE5}"
EndProject
Project("{FAE04EC0-301F-11D3-BF4B-00C04F79EFBC}") = "JIssWeb.Domain", "JIssWeb.Domain\JIssWeb.Domain.csproj", "{28FB1F1D-3B54-403C-8D2C-B1FF4CBCE864}"
EndProject
Project("{FAE04EC0-301F-11D3-BF4B-00C04F79EFBC}") = "JIssWeb.Application", "JIssWeb.Application\JIssWeb.Application.csproj", "{D2024582-A0AE-476B-86D9-3F810ECA4AA5}"
EndProject
Project("{FAE04EC0-301F-11D3-BF4B-00C04F79EFBC}") = "JIssWeb.Infrastructure", "JIssWeb.Infrastructure\JIssWeb.Infrastructure.csproj", "{D586E3A1-1DD0-441D-B23F-8457B0CCDEFD}"
EndProject
Project("{FAE04EC0-301F-11D3-BF4B-00C04F79EFBC}") = "JIssWeb.User.Api", "JIssWeb.User.Api\JIssWeb.User.Api.csproj", "{4F4D1903-949A-4757-84B6-561619908475}"
EndProject
Project("{FAE04EC0-301F-11D3-BF4B-00C04F79EFBC}") = "JIssWeb.Customer.Api", "JIssWeb.Customer.Api\JIssWeb.Customer.Api.csproj", "{B3A99340-9C21-42FF-AD0C-C42538BCEA8C}"
EndProject
Project("{FAE04EC0-301F-11D3-BF4B-00C04F79EFBC}") = "JIssWeb.Model.Api", "JIssWeb.Model.Api\JIssWeb.Model.Api.csproj", "{80496678-728D-4C4F-A364-9F1F50625C80}"
EndProject
Project("{FAE04EC0-301F-11D3-BF4B-00C04F79EFBC}") = "JIssWeb.Accounting.Api", "JIssWeb.Accounting.Api\JIssWeb.Accounting.Api.csproj", "{519C9457-2888-491F-9971-EC9F6F6AD8FD}"
EndProject
Project("{FAE04EC0-301F-11D3-BF4B-00C04F79EFBC}") = "JIssWeb.Report.Api", "JIssWeb.Report.Api\JIssWeb.Report.Api.csproj", "{67E8758A-1825-4552-B30F-815B874A1264}"
EndProject
Project("{FAE04EC0-301F-11D3-BF4B-00C04F79EFBC}") = "JIssWeb.Gateway.Api", "JIssWeb.Gateway.Api\JIssWeb.Gateway.Api.csproj", "{A6C1EFEF-3B22-49D1-BCC6-E88E6839F80A}"
EndProject
Project("{FAE04EC0-301F-11D3-BF4B-00C04F79EFBC}") = "JIssWeb.Frontend.Bff", "JIssWeb.Frontend.Bff\JIssWeb.Frontend.Bff.csproj", "{FFBA9790-BCC3-4C96-A2A7-7C6FCBF4094D}"
EndProject
Global
	GlobalSection(SolutionConfigurationPlatforms) = preSolution
		Debug|Any CPU = Debug|Any CPU
		Debug|x64 = Debug|x64
		Debug|x86 = Debug|x86
		Release|Any CPU = Release|Any CPU
		Release|x64 = Release|x64
		Release|x86 = Release|x86
	EndGlobalSection
	GlobalSection(ProjectConfigurationPlatforms) = postSolution
		{E8C0D178-DF52-492C-8334-4B09DACACFE5}.Debug|Any CPU.ActiveCfg = Debug|Any CPU
		{E8C0D178-DF52-492C-8334-4B09DACACFE5}.Debug|Any CPU.Build.0 = Debug|Any CPU
		{E8C0D178-DF52-492C-8334-4B09DACACFE5}.Debug|x64.ActiveCfg = Debug|Any CPU
		{E8C0D178-DF52-492C-8334-4B09DACACFE5}.Debug|x64.Build.0 = Debug|Any CPU
		{E8C0D178-DF52-492C-8334-4B09DACACFE5}.Debug|x86.ActiveCfg = Debug|Any CPU
		{E8C0D178-DF52-492C-8334-4B09DACACFE5}.Debug|x86.Build.0 = Debug|Any CPU
		{E8C0D178-DF52-492C-8334-4B09DACACFE5}.Release|Any CPU.ActiveCfg = Release|Any CPU
		{E8C0D178-DF52-492C-8334-4B09DACACFE5}.Release|Any CPU.Build.0 = Release|Any CPU
		{E8C0D178-DF52-492C-8334-4B09DACACFE5}.Release|x64.ActiveCfg = Release|Any CPU
		{E8C0D178-DF52-492C-8334-4B09DACACFE5}.Release|x64.Build.0 = Release|Any CPU
		{E8C0D178-DF52-492C-8334-4B09DACACFE5}.Release|x86.ActiveCfg = Release|Any CPU
		{E8C0D178-DF52-492C-8334-4B09DACACFE5}.Release|x86.Build.0 = Release|Any CPU
		{28FB1F1D-3B54-403C-8D2C-B1FF4CBCE864}.Debug|Any CPU.ActiveCfg = Debug|Any CPU
		{28FB1F1D-3B54-403C-8D2C-B1FF4CBCE864}.Debug|Any CPU.Build.0 = Debug|Any CPU
		{28FB1F1D-3B54-403C-8D2C-B1FF4CBCE864}.Debug|x64.ActiveCfg = Debug|Any CPU
		{28FB1F1D-3B54-403C-8D2C-B1FF4CBCE864}.Debug|x64.Build.0 = Debug|Any CPU
		{28FB1F1D-3B54-403C-8D2C-B1FF4CBCE864}.Debug|x86.ActiveCfg = Debug|Any CPU
		{28FB1F1D-3B54-403C-8D2C-B1FF4CBCE864}.Debug|x86.Build.0 = Debug|Any CPU
		{28FB1F1D-3B54-403C-8D2C-B1FF4CBCE864}.Release|Any CPU.ActiveCfg = Release|Any CPU
		{28FB1F1D-3B54-403C-8D2C-B1FF4CBCE864}.Release|Any CPU.Build.0 = Release|Any CPU
		{28FB1F1D-3B54-403C-8D2C-B1FF4CBCE864}.Release|x64.ActiveCfg = Release|Any CPU
		{28FB1F1D-3B54-403C-8D2C-B1FF4CBCE864}.Release|x64.Build.0 = Release|Any CPU
		{28FB1F1D-3B54-403C-8D2C-B1FF4CBCE864}.Release|x86.ActiveCfg = Release|Any CPU
		{28FB1F1D-3B54-403C-8D2C-B1FF4CBCE864}.Release|x86.Build.0 = Release|Any CPU
		{D2024582-A0AE-476B-86D9-3F810ECA4AA5}.Debug|Any CPU.ActiveCfg = Debug|Any CPU
		{D2024582-A0AE-476B-86D9-3F810ECA4AA5}.Debug|Any CPU.Build.0 = Debug|Any CPU
		{D2024582-A0AE-476B-86D9-3F810ECA4AA5}.Debug|x64.ActiveCfg = Debug|Any CPU
		{D2024582-A0AE-476B-86D9-3F810ECA4AA5}.Debug|x64.Build.0 = Debug|Any CPU
		{D2024582-A0AE-476B-86D9-3F810ECA4AA5}.Debug|x86.ActiveCfg = Debug|Any CPU
		{D2024582-A0AE-476B-86D9-3F810ECA4AA5}.Debug|x86.Build.0 = Debug|Any CPU
		{D2024582-A0AE-476B-86D9-3F810ECA4AA5}.Release|Any CPU.ActiveCfg = Release|Any CPU
		{D2024582-A0AE-476B-86D9-3F810ECA4AA5}.Release|Any CPU.Build.0 = Release|Any CPU
		{D2024582-A0AE-476B-86D9-3F810ECA4AA5}.Release|x64.ActiveCfg = Release|Any CPU
		{D2024582-A0AE-476B-86D9-3F810ECA4AA5}.Release|x64.Build.0 = Release|Any CPU
		{D2024582-A0AE-476B-86D9-3F810ECA4AA5}.Release|x86.ActiveCfg = Release|Any CPU
		{D2024582-A0AE-476B-86D9-3F810ECA4AA5}.Release|x86.Build.0 = Release|Any CPU
		{D586E3A1-1DD0-441D-B23F-8457B0CCDEFD}.Debug|Any CPU.ActiveCfg = Debug|Any CPU
		{D586E3A1-1DD0-441D-B23F-8457B0CCDEFD}.Debug|Any CPU.Build.0 = Debug|Any CPU
		{D586E3A1-1DD0-441D-B23F-8457B0CCDEFD}.Debug|x64.ActiveCfg = Debug|Any CPU
		{D586E3A1-1DD0-441D-B23F-8457B0CCDEFD}.Debug|x64.Build.0 = Debug|Any CPU
		{D586E3A1-1DD0-441D-B23F-8457B0CCDEFD}.Debug|x86.ActiveCfg = Debug|Any CPU
		{D586E3A1-1DD0-441D-B23F-8457B0CCDEFD}.Debug|x86.Build.0 = Debug|Any CPU
		{D586E3A1-1DD0-441D-B23F-8457B0CCDEFD}.Release|Any CPU.ActiveCfg = Release|Any CPU
		{D586E3A1-1DD0-441D-B23F-8457B0CCDEFD}.Release|Any CPU.Build.0 = Release|Any CPU
		{D586E3A1-1DD0-441D-B23F-8457B0CCDEFD}.Release|x64.ActiveCfg = Release|Any CPU
		{D586E3A1-1DD0-441D-B23F-8457B0CCDEFD}.Release|x64.Build.0 = Release|Any CPU
		{D586E3A1-1DD0-441D-B23F-8457B0CCDEFD}.Release|x86.ActiveCfg = Release|Any CPU
		{D586E3A1-1DD0-441D-B23F-8457B0CCDEFD}.Release|x86.Build.0 = Release|Any CPU
		{4F4D1903-949A-4757-84B6-561619908475}.Debug|Any CPU.ActiveCfg = Debug|Any CPU
		{4F4D1903-949A-4757-84B6-561619908475}.Debug|Any CPU.Build.0 = Debug|Any CPU
		{4F4D1903-949A-4757-84B6-561619908475}.Debug|x64.ActiveCfg = Debug|Any CPU
		{4F4D1903-949A-4757-84B6-561619908475}.Debug|x64.Build.0 = Debug|Any CPU
		{4F4D1903-949A-4757-84B6-561619908475}.Debug|x86.ActiveCfg = Debug|Any CPU
		{4F4D1903-949A-4757-84B6-561619908475}.Debug|x86.Build.0 = Debug|Any CPU
		{4F4D1903-949A-4757-84B6-561619908475}.Release|Any CPU.ActiveCfg = Release|Any CPU
		{4F4D1903-949A-4757-84B6-561619908475}.Release|Any CPU.Build.0 = Release|Any CPU
		{4F4D1903-949A-4757-84B6-561619908475}.Release|x64.ActiveCfg = Release|Any CPU
		{4F4D1903-949A-4757-84B6-561619908475}.Release|x64.Build.0 = Release|Any CPU
		{4F4D1903-949A-4757-84B6-561619908475}.Release|x86.ActiveCfg = Release|Any CPU
		{4F4D1903-949A-4757-84B6-561619908475}.Release|x86.Build.0 = Release|Any CPU
		{B3A99340-9C21-42FF-AD0C-C42538BCEA8C}.Debug|Any CPU.ActiveCfg = Debug|Any CPU
		{B3A99340-9C21-42FF-AD0C-C42538BCEA8C}.Debug|Any CPU.Build.0 = Debug|Any CPU
		{B3A99340-9C21-42FF-AD0C-C42538BCEA8C}.Debug|x64.ActiveCfg = Debug|Any CPU
		{B3A99340-9C21-42FF-AD0C-C42538BCEA8C}.Debug|x64.Build.0 = Debug|Any CPU
		{B3A99340-9C21-42FF-AD0C-C42538BCEA8C}.Debug|x86.ActiveCfg = Debug|Any CPU
		{B3A99340-9C21-42FF-AD0C-C42538BCEA8C}.Debug|x86.Build.0 = Debug|Any CPU
		{B3A99340-9C21-42FF-AD0C-C42538BCEA8C}.Release|Any CPU.ActiveCfg = Release|Any CPU
		{B3A99340-9C21-42FF-AD0C-C42538BCEA8C}.Release|Any CPU.Build.0 = Release|Any CPU
		{B3A99340-9C21-42FF-AD0C-C42538BCEA8C}.Release|x64.ActiveCfg = Release|Any CPU
		{B3A99340-9C21-42FF-AD0C-C42538BCEA8C}.Release|x64.Build.0 = Release|Any CPU
		{B3A99340-9C21-42FF-AD0C-C42538BCEA8C}.Release|x86.ActiveCfg = Release|Any CPU
		{B3A99340-9C21-42FF-AD0C-C42538BCEA8C}.Release|x86.Build.0 = Release|Any CPU
		{80496678-728D-4C4F-A364-9F1F50625C80}.Debug|Any CPU.ActiveCfg = Debug|Any CPU
		{80496678-728D-4C4F-A364-9F1F50625C80}.Debug|Any CPU.Build.0 = Debug|Any CPU
		{80496678-728D-4C4F-A364-9F1F50625C80}.Debug|x64.ActiveCfg = Debug|Any CPU
		{80496678-728D-4C4F-A364-9F1F50625C80}.Debug|x64.Build.0 = Debug|Any CPU
		{80496678-728D-4C4F-A364-9F1F50625C80}.Debug|x86.ActiveCfg = Debug|Any CPU
		{80496678-728D-4C4F-A364-9F1F50625C80}.Debug|x86.Build.0 = Debug|Any CPU
		{80496678-728D-4C4F-A364-9F1F50625C80}.Release|Any CPU.ActiveCfg = Release|Any CPU
		{80496678-728D-4C4F-A364-9F1F50625C80}.Release|Any CPU.Build.0 = Release|Any CPU
		{80496678-728D-4C4F-A364-9F1F50625C80}.Release|x64.ActiveCfg = Release|Any CPU
		{80496678-728D-4C4F-A364-9F1F50625C80}.Release|x64.Build.0 = Release|Any CPU
		{80496678-728D-4C4F-A364-9F1F50625C80}.Release|x86.ActiveCfg = Release|Any CPU
		{80496678-728D-4C4F-A364-9F1F50625C80}.Release|x86.Build.0 = Release|Any CPU
		{519C9457-2888-491F-9971-EC9F6F6AD8FD}.Debug|Any CPU.ActiveCfg = Debug|Any CPU
		{519C9457-2888-491F-9971-EC9F6F6AD8FD}.Debug|Any CPU.Build.0 = Debug|Any CPU
		{519C9457-2888-491F-9971-EC9F6F6AD8FD}.Debug|x64.ActiveCfg = Debug|Any CPU
		{519C9457-2888-491F-9971-EC9F6F6AD8FD}.Debug|x64.Build.0 = Debug|Any CPU
		{519C9457-2888-491F-9971-EC9F6F6AD8FD}.Debug|x86.ActiveCfg = Debug|Any CPU
		{519C9457-2888-491F-9971-EC9F6F6AD8FD}.Debug|x86.Build.0 = Debug|Any CPU
		{519C9457-2888-491F-9971-EC9F6F6AD8FD}.Release|Any CPU.ActiveCfg = Release|Any CPU
		{519C9457-2888-491F-9971-EC9F6F6AD8FD}.Release|Any CPU.Build.0 = Release|Any CPU
		{519C9457-2888-491F-9971-EC9F6F6AD8FD}.Release|x64.ActiveCfg = Release|Any CPU
		{519C9457-2888-491F-9971-EC9F6F6AD8FD}.Release|x64.Build.0 = Release|Any CPU
		{519C9457-2888-491F-9971-EC9F6F6AD8FD}.Release|x86.ActiveCfg = Release|Any CPU
		{519C9457-2888-491F-9971-EC9F6F6AD8FD}.Release|x86.Build.0 = Release|Any CPU
		{67E8758A-1825-4552-B30F-815B874A1264}.Debug|Any CPU.ActiveCfg = Debug|Any CPU
		{67E8758A-1825-4552-B30F-815B874A1264}.Debug|Any CPU.Build.0 = Debug|Any CPU
		{67E8758A-1825-4552-B30F-815B874A1264}.Debug|x64.ActiveCfg = Debug|Any CPU
		{67E8758A-1825-4552-B30F-815B874A1264}.Debug|x64.Build.0 = Debug|Any CPU
		{67E8758A-1825-4552-B30F-815B874A1264}.Debug|x86.ActiveCfg = Debug|Any CPU
		{67E8758A-1825-4552-B30F-815B874A1264}.Debug|x86.Build.0 = Debug|Any CPU
		{67E8758A-1825-4552-B30F-815B874A1264}.Release|Any CPU.ActiveCfg = Release|Any CPU
		{67E8758A-1825-4552-B30F-815B874A1264}.Release|Any CPU.Build.0 = Release|Any CPU
		{67E8758A-1825-4552-B30F-815B874A1264}.Release|x64.ActiveCfg = Release|Any CPU
		{67E8758A-1825-4552-B30F-815B874A1264}.Release|x64.Build.0 = Release|Any CPU
		{67E8758A-1825-4552-B30F-815B874A1264}.Release|x86.ActiveCfg = Release|Any CPU
		{67E8758A-1825-4552-B30F-815B874A1264}.Release|x86.Build.0 = Release|Any CPU
		{A6C1EFEF-3B22-49D1-BCC6-E88E6839F80A}.Debug|Any CPU.ActiveCfg = Debug|Any CPU
		{A6C1EFEF-3B22-49D1-BCC6-E88E6839F80A}.Debug|Any CPU.Build.0 = Debug|Any CPU
		{A6C1EFEF-3B22-49D1-BCC6-E88E6839F80A}.Debug|x64.ActiveCfg = Debug|Any CPU
		{A6C1EFEF-3B22-49D1-BCC6-E88E6839F80A}.Debug|x64.Build.0 = Debug|Any CPU
		{A6C1EFEF-3B22-49D1-BCC6-E88E6839F80A}.Debug|x86.ActiveCfg = Debug|Any CPU
		{A6C1EFEF-3B22-49D1-BCC6-E88E6839F80A}.Debug|x86.Build.0 = Debug|Any CPU
		{A6C1EFEF-3B22-49D1-BCC6-E88E6839F80A}.Release|Any CPU.ActiveCfg = Release|Any CPU
		{A6C1EFEF-3B22-49D1-BCC6-E88E6839F80A}.Release|Any CPU.Build.0 = Release|Any CPU
		{A6C1EFEF-3B22-49D1-BCC6-E88E6839F80A}.Release|x64.ActiveCfg = Release|Any CPU
		{A6C1EFEF-3B22-49D1-BCC6-E88E6839F80A}.Release|x64.Build.0 = Release|Any CPU
		{A6C1EFEF-3B22-49D1-BCC6-E88E6839F80A}.Release|x86.ActiveCfg = Release|Any CPU
		{A6C1EFEF-3B22-49D1-BCC6-E88E6839F80A}.Release|x86.Build.0 = Release|Any CPU
		{FFBA9790-BCC3-4C96-A2A7-7C6FCBF4094D}.Debug|Any CPU.ActiveCfg = Debug|Any CPU
		{FFBA9790-BCC3-4C96-A2A7-7C6FCBF4094D}.Debug|Any CPU.Build.0 = Debug|Any CPU
		{FFBA9790-BCC3-4C96-A2A7-7C6FCBF4094D}.Debug|x64.ActiveCfg = Debug|Any CPU
		{FFBA9790-BCC3-4C96-A2A7-7C6FCBF4094D}.Debug|x64.Build.0 = Debug|Any CPU
		{FFBA9790-BCC3-4C96-A2A7-7C6FCBF4094D}.Debug|x86.ActiveCfg = Debug|Any CPU
		{FFBA9790-BCC3-4C96-A2A7-7C6FCBF4094D}.Debug|x86.Build.0 = Debug|Any CPU
		{FFBA9790-BCC3-4C96-A2A7-7C6FCBF4094D}.Release|Any CPU.ActiveCfg = Release|Any CPU
		{FFBA9790-BCC3-4C96-A2A7-7C6FCBF4094D}.Release|Any CPU.Build.0 = Release|Any CPU
		{FFBA9790-BCC3-4C96-A2A7-7C6FCBF4094D}.Release|x64.ActiveCfg = Release|Any CPU
		{FFBA9790-BCC3-4C96-A2A7-7C6FCBF4094D}.Release|x64.Build.0 = Release|Any CPU
		{FFBA9790-BCC3-4C96-A2A7-7C6FCBF4094D}.Release|x86.ActiveCfg = Release|Any CPU
		{FFBA9790-BCC3-4C96-A2A7-7C6FCBF4094D}.Release|x86.Build.0 = Release|Any CPU
	EndGlobalSection
	GlobalSection(SolutionProperties) = preSolution
		HideSolutionNode = FALSE
	EndGlobalSection
EndGlobal
